
Microsoft Visual Studio Solution File, Format Version 12.00
# Visual Studio Version 16
VisualStudioVersion = 16.0.30503.244
MinimumVisualStudioVersion = 10.0.40219.1
Project("{FAE04EC0-301F-11D3-BF4B-00C04F79EFBC}") = "Entidades", "Entidades\Entidades.csproj", "{59F17DFD-18DF-4C95-9CEA-9C9D16D26FEF}"
EndProject
Project("{FAE04EC0-301F-11D3-BF4B-00C04F79EFBC}") = "MiCalculadora", "WindowsFormsApp1\MiCalculadora.csproj", "{826D28DB-5D85-4972-8C42-58C0C1217455}"
EndProject
Global
	GlobalSection(SolutionConfigurationPlatforms) = preSolution
		Debug|Any CPU = Debug|Any CPU
		Release|Any CPU = Release|Any CPU
	EndGlobalSection
	GlobalSection(ProjectConfigurationPlatforms) = postSolution
		{59F17DFD-18DF-4C95-9CEA-9C9D16D26FEF}.Debug|Any CPU.ActiveCfg = Debug|Any CPU
		{59F17DFD-18DF-4C95-9CEA-9C9D16D26FEF}.Debug|Any CPU.Build.0 = Debug|Any CPU
		{59F17DFD-18DF-4C95-9CEA-9C9D16D26FEF}.Release|Any CPU.ActiveCfg = Release|Any CPU
		{59F17DFD-18DF-4C95-9CEA-9C9D16D26FEF}.Release|Any CPU.Build.0 = Release|Any CPU
		{826D28DB-5D85-4972-8C42-58C0C1217455}.Debug|Any CPU.ActiveCfg = Debug|Any CPU
		{826D28DB-5D85-4972-8C42-58C0C1217455}.Debug|Any CPU.Build.0 = Debug|Any CPU
		{826D28DB-5D85-4972-8C42-58C0C1217455}.Release|Any CPU.ActiveCfg = Release|Any CPU
		{826D28DB-5D85-4972-8C42-58C0C1217455}.Release|Any CPU.Build.0 = Release|Any CPU
	EndGlobalSection
	GlobalSection(SolutionProperties) = preSolution
		HideSolutionNode = FALSE
	EndGlobalSection
	GlobalSection(ExtensibilityGlobals) = postSolution
		SolutionGuid = {9D571113-779C-4BA1-AA51-BB851548AEF0}
	EndGlobalSection
EndGlobal
